
Microsoft Visual Studio Solution File, Format Version 11.00
# Visual Studio 2010
Project("{FAE04EC0-301F-11D3-BF4B-00C04F79EFBC}") = "PhotonUnityNetworking.Utilities", "PhotonUnityNetworking.Utilities.csproj", "{1222f8cd-7b18-ee80-6d1f-d80f00b9c518}"
EndProject
Project("{FAE04EC0-301F-11D3-BF4B-00C04F79EFBC}") = "Assembly-CSharp", "Assembly-CSharp.csproj", "{979df9f1-2e15-6f84-1c8b-280e99891773}"
EndProject
Project("{FAE04EC0-301F-11D3-BF4B-00C04F79EFBC}") = "BitpackersASMDEF", "BitpackersASMDEF.csproj", "{98ab8448-0eba-de51-b9b3-260a2f440f53}"
EndProject
Project("{FAE04EC0-301F-11D3-BF4B-00C04F79EFBC}") = "EmoCompressUtilsASMDEF", "EmoCompressUtilsASMDEF.csproj", "{bca5a7d4-327e-9fcd-2b6c-ff385cbb46f0}"
EndProject
Project("{FAE04EC0-301F-11D3-BF4B-00C04F79EFBC}") = "PhotonChat", "PhotonChat.csproj", "{218ae9d2-da00-dc46-2b5d-34734ca88fdf}"
EndProject
Project("{FAE04EC0-301F-11D3-BF4B-00C04F79EFBC}") = "PhotonUnityNetworking", "PhotonUnityNetworking.csproj", "{36b452c1-c3f7-f0dc-621c-b9b97d85feaf}"
EndProject
Project("{FAE04EC0-301F-11D3-BF4B-00C04F79EFBC}") = "PhotonRealtime", "PhotonRealtime.csproj", "{1a9863a5-fe27-5731-a72a-cd2b4567d24d}"
EndProject
Project("{FAE04EC0-301F-11D3-BF4B-00C04F79EFBC}") = "HalfFloatASMDEF", "HalfFloatASMDEF.csproj", "{99a21bf4-580a-8be8-7285-bdbf354e65aa}"
EndProject
Project("{FAE04EC0-301F-11D3-BF4B-00C04F79EFBC}") = "PhotonUnityNetworking.Editor", "PhotonUnityNetworking.Editor.csproj", "{850d2a6a-bf09-7a1b-c1d6-a78d0724212e}"
EndProject
Project("{FAE04EC0-301F-11D3-BF4B-00C04F79EFBC}") = "PhotonUnityNetworking.Utilities.PhotonPlayer.Editor", "PhotonUnityNetworking.Utilities.PhotonPlayer.Editor.csproj", "{d9d24b4d-62c9-892a-6f42-361e159b27eb}"
EndProject
Project("{FAE04EC0-301F-11D3-BF4B-00C04F79EFBC}") = "PhotonUnityNetworking.Utilities.Culling.Editor", "PhotonUnityNetworking.Utilities.Culling.Editor.csproj", "{403dd971-3eb3-fda3-308e-be327ef33e90}"
EndProject
Project("{FAE04EC0-301F-11D3-BF4B-00C04F79EFBC}") = "Assembly-CSharp-Editor", "Assembly-CSharp-Editor.csproj", "{9dcfaa16-eb0b-656d-3570-df2556e39301}"
EndProject
Global
	GlobalSection(SolutionConfigurationPlatforms) = preSolution
		Debug|Any CPU = Debug|Any CPU
	EndGlobalSection
	GlobalSection(ProjectConfigurationPlatforms) = postSolution
		{1222f8cd-7b18-ee80-6d1f-d80f00b9c518}.Debug|Any CPU.ActiveCfg = Debug|Any CPU
		{1222f8cd-7b18-ee80-6d1f-d80f00b9c518}.Debug|Any CPU.Build.0 = Debug|Any CPU
		{979df9f1-2e15-6f84-1c8b-280e99891773}.Debug|Any CPU.ActiveCfg = Debug|Any CPU
		{979df9f1-2e15-6f84-1c8b-280e99891773}.Debug|Any CPU.Build.0 = Debug|Any CPU
		{98ab8448-0eba-de51-b9b3-260a2f440f53}.Debug|Any CPU.ActiveCfg = Debug|Any CPU
		{98ab8448-0eba-de51-b9b3-260a2f440f53}.Debug|Any CPU.Build.0 = Debug|Any CPU
		{bca5a7d4-327e-9fcd-2b6c-ff385cbb46f0}.Debug|Any CPU.ActiveCfg = Debug|Any CPU
		{bca5a7d4-327e-9fcd-2b6c-ff385cbb46f0}.Debug|Any CPU.Build.0 = Debug|Any CPU
		{218ae9d2-da00-dc46-2b5d-34734ca88fdf}.Debug|Any CPU.ActiveCfg = Debug|Any CPU
		{218ae9d2-da00-dc46-2b5d-34734ca88fdf}.Debug|Any CPU.Build.0 = Debug|Any CPU
		{36b452c1-c3f7-f0dc-621c-b9b97d85feaf}.Debug|Any CPU.ActiveCfg = Debug|Any CPU
		{36b452c1-c3f7-f0dc-621c-b9b97d85feaf}.Debug|Any CPU.Build.0 = Debug|Any CPU
		{1a9863a5-fe27-5731-a72a-cd2b4567d24d}.Debug|Any CPU.ActiveCfg = Debug|Any CPU
		{1a9863a5-fe27-5731-a72a-cd2b4567d24d}.Debug|Any CPU.Build.0 = Debug|Any CPU
		{99a21bf4-580a-8be8-7285-bdbf354e65aa}.Debug|Any CPU.ActiveCfg = Debug|Any CPU
		{99a21bf4-580a-8be8-7285-bdbf354e65aa}.Debug|Any CPU.Build.0 = Debug|Any CPU
		{850d2a6a-bf09-7a1b-c1d6-a78d0724212e}.Debug|Any CPU.ActiveCfg = Debug|Any CPU
		{850d2a6a-bf09-7a1b-c1d6-a78d0724212e}.Debug|Any CPU.Build.0 = Debug|Any CPU
		{d9d24b4d-62c9-892a-6f42-361e159b27eb}.Debug|Any CPU.ActiveCfg = Debug|Any CPU
		{d9d24b4d-62c9-892a-6f42-361e159b27eb}.Debug|Any CPU.Build.0 = Debug|Any CPU
		{403dd971-3eb3-fda3-308e-be327ef33e90}.Debug|Any CPU.ActiveCfg = Debug|Any CPU
		{403dd971-3eb3-fda3-308e-be327ef33e90}.Debug|Any CPU.Build.0 = Debug|Any CPU
		{9dcfaa16-eb0b-656d-3570-df2556e39301}.Debug|Any CPU.ActiveCfg = Debug|Any CPU
		{9dcfaa16-eb0b-656d-3570-df2556e39301}.Debug|Any CPU.Build.0 = Debug|Any CPU
	EndGlobalSection
	GlobalSection(SolutionProperties) = preSolution
		HideSolutionNode = FALSE
	EndGlobalSection
EndGlobal
